
Microsoft Visual Studio Solution File, Format Version 12.00
# Visual Studio Version 17
VisualStudioVersion = 17.2.32616.157
MinimumVisualStudioVersion = 10.0.40219.1
Project("{FAE04EC0-301F-11D3-BF4B-00C04F79EFBC}") = "Iteration StatementsExercise1", "Iteration StatementsExercise1\Iteration StatementsExercise1.csproj", "{C669C6C9-D89A-4670-9417-3014138BFF4D}"
EndProject
Global
	GlobalSection(SolutionConfigurationPlatforms) = preSolution
		Debug|Any CPU = Debug|Any CPU
		Release|Any CPU = Release|Any CPU
	EndGlobalSection
	GlobalSection(ProjectConfigurationPlatforms) = postSolution
		{C669C6C9-D89A-4670-9417-3014138BFF4D}.Debug|Any CPU.ActiveCfg = Debug|Any CPU
		{C669C6C9-D89A-4670-9417-3014138BFF4D}.Debug|Any CPU.Build.0 = Debug|Any CPU
		{C669C6C9-D89A-4670-9417-3014138BFF4D}.Release|Any CPU.ActiveCfg = Release|Any CPU
		{C669C6C9-D89A-4670-9417-3014138BFF4D}.Release|Any CPU.Build.0 = Release|Any CPU
	EndGlobalSection
	GlobalSection(SolutionProperties) = preSolution
		HideSolutionNode = FALSE
	EndGlobalSection
	GlobalSection(ExtensibilityGlobals) = postSolution
		SolutionGuid = {23DA6D75-69DF-4FE7-AA6C-39A83DEEB900}
	EndGlobalSection
EndGlobal
